
Microsoft Visual Studio Solution File, Format Version 12.00
# Visual Studio Version 17
VisualStudioVersion = 17.5.002.0
MinimumVisualStudioVersion = 10.0.40219.1
Project("{9A19103F-16F7-4668-BE54-9A1E7A4F7556}") = "DesafioProjetoHospedagem", "DesafioProjetoHospedagem.csproj", "{6B6ED98E-3EA9-4D9C-99C9-F443195C7C25}"
EndProject
Global
	GlobalSection(SolutionConfigurationPlatforms) = preSolution
		Debug|Any CPU = Debug|Any CPU
		Release|Any CPU = Release|Any CPU
	EndGlobalSection
	GlobalSection(ProjectConfigurationPlatforms) = postSolution
		{6B6ED98E-3EA9-4D9C-99C9-F443195C7C25}.Debug|Any CPU.ActiveCfg = Debug|Any CPU
		{6B6ED98E-3EA9-4D9C-99C9-F443195C7C25}.Debug|Any CPU.Build.0 = Debug|Any CPU
		{6B6ED98E-3EA9-4D9C-99C9-F443195C7C25}.Release|Any CPU.ActiveCfg = Release|Any CPU
		{6B6ED98E-3EA9-4D9C-99C9-F443195C7C25}.Release|Any CPU.Build.0 = Release|Any CPU
	EndGlobalSection
	GlobalSection(SolutionProperties) = preSolution
		HideSolutionNode = FALSE
	EndGlobalSection
	GlobalSection(ExtensibilityGlobals) = postSolution
		SolutionGuid = {97B4E4A2-0F42-4BC2-941E-2919CA28988C}
	EndGlobalSection
EndGlobal
